// !$*UTF8*$!
{
	archiveVersion = 1;
	classes = {
	};
	objectVersion = 56;
	objects = {

/* Begin PBXBuildFile section */
		6758DF942B44A70E008C310C /* AuthenticationController.swift in Sources */ = {isa = PBXBuildFile; fileRef = 6758DF932B44A70E008C310C /* AuthenticationController.swift */; };
		67F305142B3F54A400D1009F /* AppDelegate.swift in Sources */ = {isa = PBXBuildFile; fileRef = 67F305132B3F54A400D1009F /* AppDelegate.swift */; };
		67F305162B3F54A400D1009F /* SceneDelegate.swift in Sources */ = {isa = PBXBuildFile; fileRef = 67F305152B3F54A400D1009F /* SceneDelegate.swift */; };
		67F305182B3F54A400D1009F /* NotesViewController.swift in Sources */ = {isa = PBXBuildFile; fileRef = 67F305172B3F54A400D1009F /* NotesViewController.swift */; };
		67F3051D2B3F54A500D1009F /* Assets.xcassets in Resources */ = {isa = PBXBuildFile; fileRef = 67F3051C2B3F54A500D1009F /* Assets.xcassets */; };
		67F305202B3F54A500D1009F /* LaunchScreen.storyboard in Resources */ = {isa = PBXBuildFile; fileRef = 67F3051E2B3F54A500D1009F /* LaunchScreen.storyboard */; };
		67F305292B3F6CAA00D1009F /* Coordinator.swift in Sources */ = {isa = PBXBuildFile; fileRef = 67F305282B3F6CAA00D1009F /* Coordinator.swift */; };
		67F3052D2B3F74EF00D1009F /* ViewCode.swift in Sources */ = {isa = PBXBuildFile; fileRef = 67F3052C2B3F74EF00D1009F /* ViewCode.swift */; };
		67F305302B3F751400D1009F /* NotesRouter.swift in Sources */ = {isa = PBXBuildFile; fileRef = 67F3052F2B3F751400D1009F /* NotesRouter.swift */; };
		67F305332B3FD89000D1009F /* Note.swift in Sources */ = {isa = PBXBuildFile; fileRef = 67F305322B3FD89000D1009F /* Note.swift */; };
		67F305362B3FD8C100D1009F /* NotesViewModel.swift in Sources */ = {isa = PBXBuildFile; fileRef = 67F305352B3FD8C100D1009F /* NotesViewModel.swift */; };
		67F305392B3FD97300D1009F /* NoteCell.swift in Sources */ = {isa = PBXBuildFile; fileRef = 67F305382B3FD97300D1009F /* NoteCell.swift */; };
		67F3053F2B3FE3DB00D1009F /* EditNoteViewController.swift in Sources */ = {isa = PBXBuildFile; fileRef = 67F3053E2B3FE3DB00D1009F /* EditNoteViewController.swift */; };
		67F305412B407E1E00D1009F /* Collection+safe.swift in Sources */ = {isa = PBXBuildFile; fileRef = 67F305402B407E1E00D1009F /* Collection+safe.swift */; };
		67F305442B4084EE00D1009F /* EditNoteView.swift in Sources */ = {isa = PBXBuildFile; fileRef = 67F305432B4084EE00D1009F /* EditNoteView.swift */; };
		67F305472B40A83900D1009F /* NotesMockupService.swift in Sources */ = {isa = PBXBuildFile; fileRef = 67F305462B40A83900D1009F /* NotesMockupService.swift */; };
		67F305492B40BF7B00D1009F /* NotesServiceProtocol.swift in Sources */ = {isa = PBXBuildFile; fileRef = 67F305482B40BF7B00D1009F /* NotesServiceProtocol.swift */; };
		67F3054D2B40BFA900D1009F /* NoteError.swift in Sources */ = {isa = PBXBuildFile; fileRef = 67F3054C2B40BFA900D1009F /* NoteError.swift */; };
		67F305542B4482E600D1009F /* Notepad.xcdatamodeld in Sources */ = {isa = PBXBuildFile; fileRef = 67F305522B4482E600D1009F /* Notepad.xcdatamodeld */; };
		67F305562B44840600D1009F /* NotesService.swift in Sources */ = {isa = PBXBuildFile; fileRef = 67F305552B44840600D1009F /* NotesService.swift */; };
/* End PBXBuildFile section */

/* Begin PBXFileReference section */
		6758DF932B44A70E008C310C /* AuthenticationController.swift */ = {isa = PBXFileReference; lastKnownFileType = sourcecode.swift; path = AuthenticationController.swift; sourceTree = "<group>"; };
		67F305102B3F54A400D1009F /* Notepad.app */ = {isa = PBXFileReference; explicitFileType = wrapper.application; includeInIndex = 0; path = Notepad.app; sourceTree = BUILT_PRODUCTS_DIR; };
		67F305132B3F54A400D1009F /* AppDelegate.swift */ = {isa = PBXFileReference; lastKnownFileType = sourcecode.swift; path = AppDelegate.swift; sourceTree = "<group>"; };
		67F305152B3F54A400D1009F /* SceneDelegate.swift */ = {isa = PBXFileReference; lastKnownFileType = sourcecode.swift; path = SceneDelegate.swift; sourceTree = "<group>"; };
		67F305172B3F54A400D1009F /* NotesViewController.swift */ = {isa = PBXFileReference; lastKnownFileType = sourcecode.swift; path = NotesViewController.swift; sourceTree = "<group>"; };
		67F3051C2B3F54A500D1009F /* Assets.xcassets */ = {isa = PBXFileReference; lastKnownFileType = folder.assetcatalog; path = Assets.xcassets; sourceTree = "<group>"; };
		67F3051F2B3F54A500D1009F /* Base */ = {isa = PBXFileReference; lastKnownFileType = file.storyboard; name = Base; path = Base.lproj/LaunchScreen.storyboard; sourceTree = "<group>"; };
		67F305212B3F54A500D1009F /* Info.plist */ = {isa = PBXFileReference; lastKnownFileType = text.plist.xml; path = Info.plist; sourceTree = "<group>"; };
		67F305282B3F6CAA00D1009F /* Coordinator.swift */ = {isa = PBXFileReference; lastKnownFileType = sourcecode.swift; path = Coordinator.swift; sourceTree = "<group>"; };
		67F3052C2B3F74EF00D1009F /* ViewCode.swift */ = {isa = PBXFileReference; lastKnownFileType = sourcecode.swift; path = ViewCode.swift; sourceTree = "<group>"; };
		67F3052F2B3F751400D1009F /* NotesRouter.swift */ = {isa = PBXFileReference; lastKnownFileType = sourcecode.swift; path = NotesRouter.swift; sourceTree = "<group>"; };
		67F305322B3FD89000D1009F /* Note.swift */ = {isa = PBXFileReference; lastKnownFileType = sourcecode.swift; path = Note.swift; sourceTree = "<group>"; };
		67F305352B3FD8C100D1009F /* NotesViewModel.swift */ = {isa = PBXFileReference; lastKnownFileType = sourcecode.swift; path = NotesViewModel.swift; sourceTree = "<group>"; };
		67F305382B3FD97300D1009F /* NoteCell.swift */ = {isa = PBXFileReference; lastKnownFileType = sourcecode.swift; path = NoteCell.swift; sourceTree = "<group>"; };
		67F3053E2B3FE3DB00D1009F /* EditNoteViewController.swift */ = {isa = PBXFileReference; lastKnownFileType = sourcecode.swift; path = EditNoteViewController.swift; sourceTree = "<group>"; };
		67F305402B407E1E00D1009F /* Collection+safe.swift */ = {isa = PBXFileReference; lastKnownFileType = sourcecode.swift; path = "Collection+safe.swift"; sourceTree = "<group>"; };
		67F305432B4084EE00D1009F /* EditNoteView.swift */ = {isa = PBXFileReference; lastKnownFileType = sourcecode.swift; path = EditNoteView.swift; sourceTree = "<group>"; };
		67F305462B40A83900D1009F /* NotesMockupService.swift */ = {isa = PBXFileReference; lastKnownFileType = sourcecode.swift; path = NotesMockupService.swift; sourceTree = "<group>"; };
		67F305482B40BF7B00D1009F /* NotesServiceProtocol.swift */ = {isa = PBXFileReference; lastKnownFileType = sourcecode.swift; path = NotesServiceProtocol.swift; sourceTree = "<group>"; };
		67F3054C2B40BFA900D1009F /* NoteError.swift */ = {isa = PBXFileReference; lastKnownFileType = sourcecode.swift; path = NoteError.swift; sourceTree = "<group>"; };
		67F305532B4482E600D1009F /* Notepad.xcdatamodel */ = {isa = PBXFileReference; lastKnownFileType = wrapper.xcdatamodel; path = Notepad.xcdatamodel; sourceTree = "<group>"; };
		67F305552B44840600D1009F /* NotesService.swift */ = {isa = PBXFileReference; lastKnownFileType = sourcecode.swift; path = NotesService.swift; sourceTree = "<group>"; };
/* End PBXFileReference section */

/* Begin PBXFrameworksBuildPhase section */
		67F3050D2B3F54A400D1009F /* Frameworks */ = {
			isa = PBXFrameworksBuildPhase;
			buildActionMask = 2147483647;
			files = (
			);
			runOnlyForDeploymentPostprocessing = 0;
		};
/* End PBXFrameworksBuildPhase section */

/* Begin PBXGroup section */
		67F305072B3F54A400D1009F = {
			isa = PBXGroup;
			children = (
				67F305122B3F54A400D1009F /* Notepad */,
				67F305112B3F54A400D1009F /* Products */,
			);
			sourceTree = "<group>";
		};
		67F305112B3F54A400D1009F /* Products */ = {
			isa = PBXGroup;
			children = (
				67F305102B3F54A400D1009F /* Notepad.app */,
			);
			name = Products;
			sourceTree = "<group>";
		};
		67F305122B3F54A400D1009F /* Notepad */ = {
			isa = PBXGroup;
			children = (
				67F305422B407E9A00D1009F /* Extensions */,
				67F305212B3F54A500D1009F /* Info.plist */,
				67F3052B2B3F74B700D1009F /* Notes */,
				67F305272B3F6C6900D1009F /* Resources */,
			);
			path = Notepad;
			sourceTree = "<group>";
		};
		67F305272B3F6C6900D1009F /* Resources */ = {
			isa = PBXGroup;
			children = (
				67F305522B4482E600D1009F /* Notepad.xcdatamodeld */,
				67F3052C2B3F74EF00D1009F /* ViewCode.swift */,
				67F305282B3F6CAA00D1009F /* Coordinator.swift */,
				67F3051C2B3F54A500D1009F /* Assets.xcassets */,
				67F3051E2B3F54A500D1009F /* LaunchScreen.storyboard */,
				67F305152B3F54A400D1009F /* SceneDelegate.swift */,
				67F305132B3F54A400D1009F /* AppDelegate.swift */,
				6758DF932B44A70E008C310C /* AuthenticationController.swift */,
			);
			path = Resources;
			sourceTree = "<group>";
		};
		67F3052B2B3F74B700D1009F /* Notes */ = {
			isa = PBXGroup;
			children = (
				67F3054B2B40BF9700D1009F /* Errors */,
				67F3054A2B40BF7F00D1009F /* Protocols */,
				67F305452B40A82600D1009F /* Services */,
				67F3053A2B3FD9BE00D1009F /* ViewControllers */,
				67F305372B3FD93400D1009F /* Views */,
				67F305342B3FD8B400D1009F /* ViewModels */,
				67F305312B3FD88400D1009F /* Models */,
				67F3052E2B3F750100D1009F /* Routes */,
			);
			path = Notes;
			sourceTree = "<group>";
		};
		67F3052E2B3F750100D1009F /* Routes */ = {
			isa = PBXGroup;
			children = (
				67F3052F2B3F751400D1009F /* NotesRouter.swift */,
			);
			path = Routes;
			sourceTree = "<group>";
		};
		67F305312B3FD88400D1009F /* Models */ = {
			isa = PBXGroup;
			children = (
				67F305322B3FD89000D1009F /* Note.swift */,
			);
			path = Models;
			sourceTree = "<group>";
		};
		67F305342B3FD8B400D1009F /* ViewModels */ = {
			isa = PBXGroup;
			children = (
				67F305352B3FD8C100D1009F /* NotesViewModel.swift */,
			);
			path = ViewModels;
			sourceTree = "<group>";
		};
		67F305372B3FD93400D1009F /* Views */ = {
			isa = PBXGroup;
			children = (
				67F305382B3FD97300D1009F /* NoteCell.swift */,
				67F305432B4084EE00D1009F /* EditNoteView.swift */,
			);
			path = Views;
			sourceTree = "<group>";
		};
		67F3053A2B3FD9BE00D1009F /* ViewControllers */ = {
			isa = PBXGroup;
			children = (
				67F305172B3F54A400D1009F /* NotesViewController.swift */,
				67F3053E2B3FE3DB00D1009F /* EditNoteViewController.swift */,
			);
			path = ViewControllers;
			sourceTree = "<group>";
		};
		67F305422B407E9A00D1009F /* Extensions */ = {
			isa = PBXGroup;
			children = (
				67F305402B407E1E00D1009F /* Collection+safe.swift */,
			);
			path = Extensions;
			sourceTree = "<group>";
		};
		67F305452B40A82600D1009F /* Services */ = {
			isa = PBXGroup;
			children = (
				67F305462B40A83900D1009F /* NotesMockupService.swift */,
				67F305552B44840600D1009F /* NotesService.swift */,
			);
			path = Services;
			sourceTree = "<group>";
		};
		67F3054A2B40BF7F00D1009F /* Protocols */ = {
			isa = PBXGroup;
			children = (
				67F305482B40BF7B00D1009F /* NotesServiceProtocol.swift */,
			);
			path = Protocols;
			sourceTree = "<group>";
		};
		67F3054B2B40BF9700D1009F /* Errors */ = {
			isa = PBXGroup;
			children = (
				67F3054C2B40BFA900D1009F /* NoteError.swift */,
			);
			path = Errors;
			sourceTree = "<group>";
		};
/* End PBXGroup section */

/* Begin PBXNativeTarget section */
		67F3050F2B3F54A400D1009F /* Notepad */ = {
			isa = PBXNativeTarget;
			buildConfigurationList = 67F305242B3F54A500D1009F /* Build configuration list for PBXNativeTarget "Notepad" */;
			buildPhases = (
				67F3050C2B3F54A400D1009F /* Sources */,
				67F3050D2B3F54A400D1009F /* Frameworks */,
				67F3050E2B3F54A400D1009F /* Resources */,
			);
			buildRules = (
			);
			dependencies = (
			);
			name = Notepad;
			productName = Notepad;
			productReference = 67F305102B3F54A400D1009F /* Notepad.app */;
			productType = "com.apple.product-type.application";
		};
/* End PBXNativeTarget section */

/* Begin PBXProject section */
		67F305082B3F54A400D1009F /* Project object */ = {
			isa = PBXProject;
			attributes = {
				BuildIndependentTargetsInParallel = 1;
				LastSwiftUpdateCheck = 1510;
				LastUpgradeCheck = 1510;
				TargetAttributes = {
					67F3050F2B3F54A400D1009F = {
						CreatedOnToolsVersion = 15.1;
					};
				};
			};
			buildConfigurationList = 67F3050B2B3F54A400D1009F /* Build configuration list for PBXProject "Notepad" */;
			compatibilityVersion = "Xcode 14.0";
			developmentRegion = en;
			hasScannedForEncodings = 0;
			knownRegions = (
				en,
				Base,
			);
			mainGroup = 67F305072B3F54A400D1009F;
			productRefGroup = 67F305112B3F54A400D1009F /* Products */;
			projectDirPath = "";
			projectRoot = "";
			targets = (
				67F3050F2B3F54A400D1009F /* Notepad */,
			);
		};
/* End PBXProject section */

/* Begin PBXResourcesBuildPhase section */
		67F3050E2B3F54A400D1009F /* Resources */ = {
			isa = PBXResourcesBuildPhase;
			buildActionMask = 2147483647;
			files = (
				67F305202B3F54A500D1009F /* LaunchScreen.storyboard in Resources */,
				67F3051D2B3F54A500D1009F /* Assets.xcassets in Resources */,
			);
			runOnlyForDeploymentPostprocessing = 0;
		};
/* End PBXResourcesBuildPhase section */

/* Begin PBXSourcesBuildPhase section */
		67F3050C2B3F54A400D1009F /* Sources */ = {
			isa = PBXSourcesBuildPhase;
			buildActionMask = 2147483647;
			files = (
				67F305292B3F6CAA00D1009F /* Coordinator.swift in Sources */,
				67F3052D2B3F74EF00D1009F /* ViewCode.swift in Sources */,
				67F305332B3FD89000D1009F /* Note.swift in Sources */,
				67F305472B40A83900D1009F /* NotesMockupService.swift in Sources */,
				67F305182B3F54A400D1009F /* NotesViewController.swift in Sources */,
				67F3054D2B40BFA900D1009F /* NoteError.swift in Sources */,
				67F305442B4084EE00D1009F /* EditNoteView.swift in Sources */,
				67F305542B4482E600D1009F /* Notepad.xcdatamodeld in Sources */,
				67F305412B407E1E00D1009F /* Collection+safe.swift in Sources */,
				6758DF942B44A70E008C310C /* AuthenticationController.swift in Sources */,
				67F305362B3FD8C100D1009F /* NotesViewModel.swift in Sources */,
				67F305142B3F54A400D1009F /* AppDelegate.swift in Sources */,
				67F305392B3FD97300D1009F /* NoteCell.swift in Sources */,
				67F305302B3F751400D1009F /* NotesRouter.swift in Sources */,
				67F305562B44840600D1009F /* NotesService.swift in Sources */,
				67F3053F2B3FE3DB00D1009F /* EditNoteViewController.swift in Sources */,
				67F305162B3F54A400D1009F /* SceneDelegate.swift in Sources */,
				67F305492B40BF7B00D1009F /* NotesServiceProtocol.swift in Sources */,
			);
			runOnlyForDeploymentPostprocessing = 0;
		};
/* End PBXSourcesBuildPhase section */

/* Begin PBXVariantGroup section */
		67F3051E2B3F54A500D1009F /* LaunchScreen.storyboard */ = {
			isa = PBXVariantGroup;
			children = (
				67F3051F2B3F54A500D1009F /* Base */,
			);
			name = LaunchScreen.storyboard;
			sourceTree = "<group>";
		};
/* End PBXVariantGroup section */

/* Begin XCBuildConfiguration section */
		67F305222B3F54A500D1009F /* Debug */ = {
			isa = XCBuildConfiguration;
			buildSettings = {
				ALWAYS_SEARCH_USER_PATHS = NO;
				ASSETCATALOG_COMPILER_GENERATE_SWIFT_ASSET_SYMBOL_EXTENSIONS = YES;
				CLANG_ANALYZER_NONNULL = YES;
				CLANG_ANALYZER_NUMBER_OBJECT_CONVERSION = YES_AGGRESSIVE;
				CLANG_CXX_LANGUAGE_STANDARD = "gnu++20";
				CLANG_ENABLE_MODULES = YES;
				CLANG_ENABLE_OBJC_ARC = YES;
				CLANG_ENABLE_OBJC_WEAK = YES;
				CLANG_WARN_BLOCK_CAPTURE_AUTORELEASING = YES;
				CLANG_WARN_BOOL_CONVERSION = YES;
				CLANG_WARN_COMMA = YES;
				CLANG_WARN_CONSTANT_CONVERSION = YES;
				CLANG_WARN_DEPRECATED_OBJC_IMPLEMENTATIONS = YES;
				CLANG_WARN_DIRECT_OBJC_ISA_USAGE = YES_ERROR;
				CLANG_WARN_DOCUMENTATION_COMMENTS = YES;
				CLANG_WARN_EMPTY_BODY = YES;
				CLANG_WARN_ENUM_CONVERSION = YES;
				CLANG_WARN_INFINITE_RECURSION = YES;
				CLANG_WARN_INT_CONVERSION = YES;
				CLANG_WARN_NON_LITERAL_NULL_CONVERSION = YES;
				CLANG_WARN_OBJC_IMPLICIT_RETAIN_SELF = YES;
				CLANG_WARN_OBJC_LITERAL_CONVERSION = YES;
				CLANG_WARN_OBJC_ROOT_CLASS = YES_ERROR;
				CLANG_WARN_QUOTED_INCLUDE_IN_FRAMEWORK_HEADER = YES;
				CLANG_WARN_RANGE_LOOP_ANALYSIS = YES;
				CLANG_WARN_STRICT_PROTOTYPES = YES;
				CLANG_WARN_SUSPICIOUS_MOVE = YES;
				CLANG_WARN_UNGUARDED_AVAILABILITY = YES_AGGRESSIVE;
				CLANG_WARN_UNREACHABLE_CODE = YES;
				CLANG_WARN__DUPLICATE_METHOD_MATCH = YES;
				COPY_PHASE_STRIP = NO;
				DEBUG_INFORMATION_FORMAT = dwarf;
				ENABLE_STRICT_OBJC_MSGSEND = YES;
				ENABLE_TESTABILITY = YES;
				ENABLE_USER_SCRIPT_SANDBOXING = YES;
				GCC_C_LANGUAGE_STANDARD = gnu17;
				GCC_DYNAMIC_NO_PIC = NO;
				GCC_NO_COMMON_BLOCKS = YES;
				GCC_OPTIMIZATION_LEVEL = 0;
				GCC_PREPROCESSOR_DEFINITIONS = (
					"DEBUG=1",
					"$(inherited)",
				);
				GCC_WARN_64_TO_32_BIT_CONVERSION = YES;
				GCC_WARN_ABOUT_RETURN_TYPE = YES_ERROR;
				GCC_WARN_UNDECLARED_SELECTOR = YES;
				GCC_WARN_UNINITIALIZED_AUTOS = YES_AGGRESSIVE;
				GCC_WARN_UNUSED_FUNCTION = YES;
				GCC_WARN_UNUSED_VARIABLE = YES;
				IPHONEOS_DEPLOYMENT_TARGET = 17.2;
				LOCALIZATION_PREFERS_STRING_CATALOGS = YES;
				MTL_ENABLE_DEBUG_INFO = INCLUDE_SOURCE;
				MTL_FAST_MATH = YES;
				ONLY_ACTIVE_ARCH = YES;
				SDKROOT = iphoneos;
				SWIFT_ACTIVE_COMPILATION_CONDITIONS = "DEBUG $(inherited)";
				SWIFT_OPTIMIZATION_LEVEL = "-Onone";
			};
			name = Debug;
		};
		67F305232B3F54A500D1009F /* Release */ = {
			isa = XCBuildConfiguration;
			buildSettings = {
				ALWAYS_SEARCH_USER_PATHS = NO;
				ASSETCATALOG_COMPILER_GENERATE_SWIFT_ASSET_SYMBOL_EXTENSIONS = YES;
				CLANG_ANALYZER_NONNULL = YES;
				CLANG_ANALYZER_NUMBER_OBJECT_CONVERSION = YES_AGGRESSIVE;
				CLANG_CXX_LANGUAGE_STANDARD = "gnu++20";
				CLANG_ENABLE_MODULES = YES;
				CLANG_ENABLE_OBJC_ARC = YES;
				CLANG_ENABLE_OBJC_WEAK = YES;
				CLANG_WARN_BLOCK_CAPTURE_AUTORELEASING = YES;
				CLANG_WARN_BOOL_CONVERSION = YES;
				CLANG_WARN_COMMA = YES;
				CLANG_WARN_CONSTANT_CONVERSION = YES;
				CLANG_WARN_DEPRECATED_OBJC_IMPLEMENTATIONS = YES;
				CLANG_WARN_DIRECT_OBJC_ISA_USAGE = YES_ERROR;
				CLANG_WARN_DOCUMENTATION_COMMENTS = YES;
				CLANG_WARN_EMPTY_BODY = YES;
				CLANG_WARN_ENUM_CONVERSION = YES;
				CLANG_WARN_INFINITE_RECURSION = YES;
				CLANG_WARN_INT_CONVERSION = YES;
				CLANG_WARN_NON_LITERAL_NULL_CONVERSION = YES;
				CLANG_WARN_OBJC_IMPLICIT_RETAIN_SELF = YES;
				CLANG_WARN_OBJC_LITERAL_CONVERSION = YES;
				CLANG_WARN_OBJC_ROOT_CLASS = YES_ERROR;
				CLANG_WARN_QUOTED_INCLUDE_IN_FRAMEWORK_HEADER = YES;
				CLANG_WARN_RANGE_LOOP_ANALYSIS = YES;
				CLANG_WARN_STRICT_PROTOTYPES = YES;
				CLANG_WARN_SUSPICIOUS_MOVE = YES;
				CLANG_WARN_UNGUARDED_AVAILABILITY = YES_AGGRESSIVE;
				CLANG_WARN_UNREACHABLE_CODE = YES;
				CLANG_WARN__DUPLICATE_METHOD_MATCH = YES;
				COPY_PHASE_STRIP = NO;
				DEBUG_INFORMATION_FORMAT = "dwarf-with-dsym";
				ENABLE_NS_ASSERTIONS = NO;
				ENABLE_STRICT_OBJC_MSGSEND = YES;
				ENABLE_USER_SCRIPT_SANDBOXING = YES;
				GCC_C_LANGUAGE_STANDARD = gnu17;
				GCC_NO_COMMON_BLOCKS = YES;
				GCC_WARN_64_TO_32_BIT_CONVERSION = YES;
				GCC_WARN_ABOUT_RETURN_TYPE = YES_ERROR;
				GCC_WARN_UNDECLARED_SELECTOR = YES;
				GCC_WARN_UNINITIALIZED_AUTOS = YES_AGGRESSIVE;
				GCC_WARN_UNUSED_FUNCTION = YES;
				GCC_WARN_UNUSED_VARIABLE = YES;
				IPHONEOS_DEPLOYMENT_TARGET = 17.2;
				LOCALIZATION_PREFERS_STRING_CATALOGS = YES;
				MTL_ENABLE_DEBUG_INFO = NO;
				MTL_FAST_MATH = YES;
				SDKROOT = iphoneos;
				SWIFT_COMPILATION_MODE = wholemodule;
				VALIDATE_PRODUCT = YES;
			};
			name = Release;
		};
		67F305252B3F54A500D1009F /* Debug */ = {
			isa = XCBuildConfiguration;
			buildSettings = {
				ASSETCATALOG_COMPILER_APPICON_NAME = AppIcon;
				ASSETCATALOG_COMPILER_GLOBAL_ACCENT_COLOR_NAME = AccentColor;
				CODE_SIGN_STYLE = Automatic;
				CURRENT_PROJECT_VERSION = 1;
				DEVELOPMENT_TEAM = A7SRF7ZP35;
				GENERATE_INFOPLIST_FILE = YES;
				INFOPLIST_FILE = Notepad/Info.plist;
				INFOPLIST_KEY_NSFaceIDUsageDescription = "We need this to allow you to lock/unlock notes.";
				INFOPLIST_KEY_UIApplicationSupportsIndirectInputEvents = YES;
				INFOPLIST_KEY_UILaunchStoryboardName = LaunchScreen;
				INFOPLIST_KEY_UISupportedInterfaceOrientations_iPad = "UIInterfaceOrientationPortrait UIInterfaceOrientationPortraitUpsideDown UIInterfaceOrientationLandscapeLeft UIInterfaceOrientationLandscapeRight";
				INFOPLIST_KEY_UISupportedInterfaceOrientations_iPhone = "UIInterfaceOrientationPortrait UIInterfaceOrientationLandscapeLeft UIInterfaceOrientationLandscapeRight";
				IPHONEOS_DEPLOYMENT_TARGET = 15.0;
				LD_RUNPATH_SEARCH_PATHS = (
					"$(inherited)",
					"@executable_path/Frameworks",
				);
				MARKETING_VERSION = 1.0;
				PRODUCT_BUNDLE_IDENTIFIER = com.iago.Notepad;
				PRODUCT_NAME = "$(TARGET_NAME)";
				SWIFT_EMIT_LOC_STRINGS = YES;
				SWIFT_VERSION = 5.0;
				TARGETED_DEVICE_FAMILY = "1,2";
			};
			name = Debug;
		};
		67F305262B3F54A500D1009F /* Release */ = {
			isa = XCBuildConfiguration;
			buildSettings = {
				ASSETCATALOG_COMPILER_APPICON_NAME = AppIcon;
				ASSETCATALOG_COMPILER_GLOBAL_ACCENT_COLOR_NAME = AccentColor;
				CODE_SIGN_STYLE = Automatic;
				CURRENT_PROJECT_VERSION = 1;
				DEVELOPMENT_TEAM = A7SRF7ZP35;
				GENERATE_INFOPLIST_FILE = YES;
				INFOPLIST_FILE = Notepad/Info.plist;
				INFOPLIST_KEY_NSFaceIDUsageDescription = "We need this to allow you to lock/unlock notes.";
				INFOPLIST_KEY_UIApplicationSupportsIndirectInputEvents = YES;
				INFOPLIST_KEY_UILaunchStoryboardName = LaunchScreen;
				INFOPLIST_KEY_UISupportedInterfaceOrientations_iPad = "UIInterfaceOrientationPortrait UIInterfaceOrientationPortraitUpsideDown UIInterfaceOrientationLandscapeLeft UIInterfaceOrientationLandscapeRight";
				INFOPLIST_KEY_UISupportedInterfaceOrientations_iPhone = "UIInterfaceOrientationPortrait UIInterfaceOrientationLandscapeLeft UIInterfaceOrientationLandscapeRight";
				IPHONEOS_DEPLOYMENT_TARGET = 15.0;
				LD_RUNPATH_SEARCH_PATHS = (
					"$(inherited)",
					"@executable_path/Frameworks",
				);
				MARKETING_VERSION = 1.0;
				PRODUCT_BUNDLE_IDENTIFIER = com.iago.Notepad;
				PRODUCT_NAME = "$(TARGET_NAME)";
				SWIFT_EMIT_LOC_STRINGS = YES;
				SWIFT_VERSION = 5.0;
				TARGETED_DEVICE_FAMILY = "1,2";
			};
			name = Release;
		};
/* End XCBuildConfiguration section */

/* Begin XCConfigurationList section */
		67F3050B2B3F54A400D1009F /* Build configuration list for PBXProject "Notepad" */ = {
			isa = XCConfigurationList;
			buildConfigurations = (
				67F305222B3F54A500D1009F /* Debug */,
				67F305232B3F54A500D1009F /* Release */,
			);
			defaultConfigurationIsVisible = 0;
			defaultConfigurationName = Release;
		};
		67F305242B3F54A500D1009F /* Build configuration list for PBXNativeTarget "Notepad" */ = {
			isa = XCConfigurationList;
			buildConfigurations = (
				67F305252B3F54A500D1009F /* Debug */,
				67F305262B3F54A500D1009F /* Release */,
			);
			defaultConfigurationIsVisible = 0;
			defaultConfigurationName = Release;
		};
/* End XCConfigurationList section */

/* Begin XCVersionGroup section */
		67F305522B4482E600D1009F /* Notepad.xcdatamodeld */ = {
			isa = XCVersionGroup;
			children = (
				67F305532B4482E600D1009F /* Notepad.xcdatamodel */,
			);
			currentVersion = 67F305532B4482E600D1009F /* Notepad.xcdatamodel */;
			path = Notepad.xcdatamodeld;
			sourceTree = "<group>";
			versionGroupType = wrapper.xcdatamodel;
		};
/* End XCVersionGroup section */
	};
	rootObject = 67F305082B3F54A400D1009F /* Project object */;
}
